
Microsoft Visual Studio Solution File, Format Version 12.00
# Visual Studio Version 17
VisualStudioVersion = 17.5.33516.290
MinimumVisualStudioVersion = 10.0.40219.1
Project("{8BC9CEB8-8B4A-11D0-8D11-00A0C91BC942}") = "LAB 6 Queue CS 136", "LAB 6 Queue CS 136\LAB 6 Queue CS 136.vcxproj", "{F2062CD5-7D95-4548-BE0E-BA8A1BF3CEEE}"
EndProject
Global
	GlobalSection(SolutionConfigurationPlatforms) = preSolution
		Debug|x64 = Debug|x64
		Debug|x86 = Debug|x86
		Release|x64 = Release|x64
		Release|x86 = Release|x86
	EndGlobalSection
	GlobalSection(ProjectConfigurationPlatforms) = postSolution
		{F2062CD5-7D95-4548-BE0E-BA8A1BF3CEEE}.Debug|x64.ActiveCfg = Debug|x64
		{F2062CD5-7D95-4548-BE0E-BA8A1BF3CEEE}.Debug|x64.Build.0 = Debug|x64
		{F2062CD5-7D95-4548-BE0E-BA8A1BF3CEEE}.Debug|x86.ActiveCfg = Debug|Win32
		{F2062CD5-7D95-4548-BE0E-BA8A1BF3CEEE}.Debug|x86.Build.0 = Debug|Win32
		{F2062CD5-7D95-4548-BE0E-BA8A1BF3CEEE}.Release|x64.ActiveCfg = Release|x64
		{F2062CD5-7D95-4548-BE0E-BA8A1BF3CEEE}.Release|x64.Build.0 = Release|x64
		{F2062CD5-7D95-4548-BE0E-BA8A1BF3CEEE}.Release|x86.ActiveCfg = Release|Win32
		{F2062CD5-7D95-4548-BE0E-BA8A1BF3CEEE}.Release|x86.Build.0 = Release|Win32
	EndGlobalSection
	GlobalSection(SolutionProperties) = preSolution
		HideSolutionNode = FALSE
	EndGlobalSection
	GlobalSection(ExtensibilityGlobals) = postSolution
		SolutionGuid = {FCFE60C0-43A6-45F9-8EDF-AAD977DF0851}
	EndGlobalSection
EndGlobal
